# This file is automatically @generated by Cargo.
# It is not intended for manual editing.
version = 4

[[package]]
name = "bbcat"
version = "0.5.9"
source = "registry+https://github.com/rust-lang/crates.io-index"
checksum = "8641b97cb29031f06ee6ef5050896d6d99d4aa695de046babe77064090ff6ac1"

[[package]]
name = "bbcat-bridge"
version = "0.1.0"
dependencies = [
 "bbcat",
]
