# This file is automatically @generated by Cargo.
# It is not intended for manual editing.
version = 4

[[package]]
name = "bbcat"
version = "0.5.11"
source = "registry+https://github.com/rust-lang/crates.io-index"
checksum = "131f964819deebed9ae2b54ba275f0dbddab052924a048f016eb47c68f12bb53"

[[package]]
name = "bbcat-bridge"
version = "0.1.0"
dependencies = [
 "bbcat",
]
