# This file is automatically @generated by Cargo.
# It is not intended for manual editing.
version = 4

[[package]]
name = "bbcat"
version = "0.6.1"
source = "registry+https://github.com/rust-lang/crates.io-index"
checksum = "ffab8839fe8902ca39af0404b05ea85cb4e88ccce990a37656b51206c5d0950e"

[[package]]
name = "bbcat-bridge"
version = "0.1.0"
dependencies = [
 "bbcat",
]
